// !$*UTF8*$!
{
	archiveVersion = 1;
	classes = {
	};
	objectVersion = 56;
	objects = {

/* Begin PBXBuildFile section */
		A59CAB1C28FE25C600E8732F /* main.swift in Sources */ = {isa = PBXBuildFile; fileRef = A5EFDF2C28F15C610098B29F /* main.swift */; };
/* End PBXBuildFile section */

/* Begin PBXCopyFilesBuildPhase section */
		A5EFDF1C28F155970098B29F /* CopyFiles */ = {
			isa = PBXCopyFilesBuildPhase;
			buildActionMask = 2147483647;
			dstPath = /usr/share/man/man1/;
			dstSubfolderSpec = 0;
			files = (
			);
			runOnlyForDeploymentPostprocessing = 1;
		};
/* End PBXCopyFilesBuildPhase section */

/* Begin PBXFileReference section */
		A51EC967290020BE00FB6CE9 /* 콜라츠 추측.swift */ = {isa = PBXFileReference; lastKnownFileType = sourcecode.swift; path = "콜라츠 추측.swift"; sourceTree = "<group>"; };
		A51EC9692900567F00FB6CE9 /* 팩토리얼.swift */ = {isa = PBXFileReference; lastKnownFileType = sourcecode.swift; path = "팩토리얼.swift"; sourceTree = "<group>"; };
		A539E3B428F8F4FA00E8CE49 /* 짝수 홀수 개수.swift */ = {isa = PBXFileReference; lastKnownFileType = sourcecode.swift; path = "짝수 홀수 개수.swift"; sourceTree = "<group>"; };
		A539E3B628F900A300E8CE49 /* 중앙값 구하기.swift */ = {isa = PBXFileReference; lastKnownFileType = sourcecode.swift; path = "중앙값 구하기.swift"; sourceTree = "<group>"; };
		A541D98728F2AF260045B802 /* 나머지 구하기.swift */ = {isa = PBXFileReference; lastKnownFileType = sourcecode.swift; path = "나머지 구하기.swift"; sourceTree = "<group>"; };
		A541D98928F2AF6A0045B802 /* 두 수의 곱.swift */ = {isa = PBXFileReference; lastKnownFileType = sourcecode.swift; path = "두 수의 곱.swift"; sourceTree = "<group>"; };
		A541D98B28F2AFBE0045B802 /* 나이 출력.swift */ = {isa = PBXFileReference; lastKnownFileType = sourcecode.swift; path = "나이 출력.swift"; sourceTree = "<group>"; };
		A541D98D28F2B0EA0045B802 /* 숫자 비교하기.swift */ = {isa = PBXFileReference; lastKnownFileType = sourcecode.swift; path = "숫자 비교하기.swift"; sourceTree = "<group>"; };
		A547912028F6811A00B65210 /* 배열의 평균값.swift */ = {isa = PBXFileReference; lastKnownFileType = sourcecode.swift; path = "배열의 평균값.swift"; sourceTree = "<group>"; };
		A547912228F6902800B65210 /* 하샤드 수.swift */ = {isa = PBXFileReference; lastKnownFileType = sourcecode.swift; path = "하샤드 수.swift"; sourceTree = "<group>"; };
		A547912428F6912B00B65210 /* 각도기.swift */ = {isa = PBXFileReference; lastKnownFileType = sourcecode.swift; path = "각도기.swift"; sourceTree = "<group>"; };
		A547912628F6950400B65210 /* 짝수의 합.swift */ = {isa = PBXFileReference; lastKnownFileType = sourcecode.swift; path = "짝수의 합.swift"; sourceTree = "<group>"; };
		A547912828F6A77300B65210 /* 중복된 숫자 개수.swift */ = {isa = PBXFileReference; lastKnownFileType = sourcecode.swift; path = "중복된 숫자 개수.swift"; sourceTree = "<group>"; };
		A547912A28F6A87700B65210 /* 머쓱이보다 키 큰 사람.swift */ = {isa = PBXFileReference; lastKnownFileType = sourcecode.swift; path = "머쓱이보다 키 큰 사람.swift"; sourceTree = "<group>"; };
		A547912C28F6AF1200B65210 /* 문자열 뒤집기.swift */ = {isa = PBXFileReference; lastKnownFileType = sourcecode.swift; path = "문자열 뒤집기.swift"; sourceTree = "<group>"; };
		A547912E28F6AFEB00B65210 /* 배열 뒤집기.swift */ = {isa = PBXFileReference; lastKnownFileType = sourcecode.swift; path = "배열 뒤집기.swift"; sourceTree = "<group>"; };
		A54B79B528FF066A00EE447F /* 개미 군단.swift */ = {isa = PBXFileReference; lastKnownFileType = sourcecode.swift; path = "개미 군단.swift"; sourceTree = "<group>"; };
		A59672B528F9E17800E4EF00 /* 편지.swift */ = {isa = PBXFileReference; lastKnownFileType = sourcecode.swift; path = "편지.swift"; sourceTree = "<group>"; };
		A59672B728F9E46C00E4EF00 /* 점의 위치 구하기.swift */ = {isa = PBXFileReference; lastKnownFileType = sourcecode.swift; path = "점의 위치 구하기.swift"; sourceTree = "<group>"; };
		A59672B928FA9FD000E4EF00 /* 자릿수 더하기.swift */ = {isa = PBXFileReference; lastKnownFileType = sourcecode.swift; path = "자릿수 더하기.swift"; sourceTree = "<group>"; };
		A59672BB28FAA4B700E4EF00 /* 특정 문자 제거하기.swift */ = {isa = PBXFileReference; lastKnownFileType = sourcecode.swift; path = "특정 문자 제거하기.swift"; sourceTree = "<group>"; };
		A59672BD28FAA88500E4EF00 /* 모음 제거.swift */ = {isa = PBXFileReference; lastKnownFileType = sourcecode.swift; path = "모음 제거.swift"; sourceTree = "<group>"; };
		A59672BF28FAAA4700E4EF00 /* 배열 원소의 길이.swift */ = {isa = PBXFileReference; lastKnownFileType = sourcecode.swift; path = "배열 원소의 길이.swift"; sourceTree = "<group>"; };
		A59672C128FAAE7800E4EF00 /* 배열 두배 만들기.swift */ = {isa = PBXFileReference; lastKnownFileType = sourcecode.swift; path = "배열 두배 만들기.swift"; sourceTree = "<group>"; };
		A59672C328FB279000E4EF00 /* 옷가게 할인 받기.swift */ = {isa = PBXFileReference; lastKnownFileType = sourcecode.swift; path = "옷가게 할인 받기.swift"; sourceTree = "<group>"; };
		A59672C528FB291C00E4EF00 /* 문자열안에 문자열.swift */ = {isa = PBXFileReference; lastKnownFileType = sourcecode.swift; path = "문자열안에 문자열.swift"; sourceTree = "<group>"; };
		A59672C728FB2F7400E4EF00 /* 배열의 유사도.swift */ = {isa = PBXFileReference; lastKnownFileType = sourcecode.swift; path = "배열의 유사도.swift"; sourceTree = "<group>"; };
		A59672C928FBF70800E4EF00 /* 짝수는 싫어요.swift */ = {isa = PBXFileReference; lastKnownFileType = sourcecode.swift; path = "짝수는 싫어요.swift"; sourceTree = "<group>"; };
		A59672CB28FC024C00E4EF00 /* 숫자 찾기.swift */ = {isa = PBXFileReference; lastKnownFileType = sourcecode.swift; path = "숫자 찾기.swift"; sourceTree = "<group>"; };
		A59672CD28FC685200E4EF00 /* 최댓값 만들기(2).swift */ = {isa = PBXFileReference; lastKnownFileType = sourcecode.swift; path = "최댓값 만들기(2).swift"; sourceTree = "<group>"; };
		A59672CF28FC6C5F00E4EF00 /* 삼각형의 완성조건(1).swift */ = {isa = PBXFileReference; lastKnownFileType = sourcecode.swift; path = "삼각형의 완성조건(1).swift"; sourceTree = "<group>"; };
		A59CAB1A28FE25BB00E8732F /* k의 개수.swift */ = {isa = PBXFileReference; lastKnownFileType = sourcecode.swift; path = "k의 개수.swift"; sourceTree = "<group>"; };
		A5ADBCB028F342A80054C2E0 /* 내적.swift */ = {isa = PBXFileReference; lastKnownFileType = sourcecode.swift; path = "내적.swift"; sourceTree = "<group>"; };
		A5ADBCB228F3447C0054C2E0 /* 양꼬치.swift */ = {isa = PBXFileReference; lastKnownFileType = sourcecode.swift; path = "양꼬치.swift"; sourceTree = "<group>"; };
		A5ADBCB428F345A80054C2E0 /* 짝수와 홀수.swift */ = {isa = PBXFileReference; lastKnownFileType = sourcecode.swift; path = "짝수와 홀수.swift"; sourceTree = "<group>"; };
		A5CB8CC12901B11600C1E572 /* 2차원으로 만들기.swift */ = {isa = PBXFileReference; lastKnownFileType = sourcecode.swift; path = "2차원으로 만들기.swift"; sourceTree = "<group>"; };
		A5CB8CC32901B27600C1E572 /* 아이스 아메리카노.swift */ = {isa = PBXFileReference; lastKnownFileType = sourcecode.swift; path = "아이스 아메리카노.swift"; sourceTree = "<group>"; };
		A5DE3C2A2902E3FE00935504 /* 배열 자르기.swift */ = {isa = PBXFileReference; lastKnownFileType = sourcecode.swift; path = "배열 자르기.swift"; sourceTree = "<group>"; };
		A5DE3C2C2902E8E000935504 /* n의 배수 고르기 .swift */ = {isa = PBXFileReference; lastKnownFileType = sourcecode.swift; path = "n의 배수 고르기 .swift"; sourceTree = "<group>"; };
		A5DE3C2E2902F22E00935504 /* 제곱수 판별하기.swift */ = {isa = PBXFileReference; lastKnownFileType = sourcecode.swift; path = "제곱수 판별하기.swift"; sourceTree = "<group>"; };
		A5DE3C302902F29700935504 /* 숨어있는 숫자의 덧셈(1).swift */ = {isa = PBXFileReference; lastKnownFileType = sourcecode.swift; path = "숨어있는 숫자의 덧셈(1).swift"; sourceTree = "<group>"; };
		A5EFDF1E28F155970098B29F /* AlgorithmSwift */ = {isa = PBXFileReference; explicitFileType = "compiled.mach-o.executable"; includeInIndex = 0; path = AlgorithmSwift; sourceTree = BUILT_PRODUCTS_DIR; };
		A5EFDF2128F155970098B29F /* 세균증식.swift */ = {isa = PBXFileReference; lastKnownFileType = sourcecode.swift; path = "세균증식.swift"; sourceTree = "<group>"; };
		A5EFDF2C28F15C610098B29F /* main.swift */ = {isa = PBXFileReference; lastKnownFileType = sourcecode.swift; path = main.swift; sourceTree = "<group>"; };
		A5EFDF5228F298D10098B29F /* 가장 큰 수 찾기.swift */ = {isa = PBXFileReference; lastKnownFileType = sourcecode.swift; path = "가장 큰 수 찾기.swift"; sourceTree = "<group>"; };
		A5EFDF5428F298F80098B29F /* 로그인 성공?.swift */ = {isa = PBXFileReference; lastKnownFileType = sourcecode.swift; path = "로그인 성공?.swift"; sourceTree = "<group>"; };
		A5EFDF5828F299390098B29F /* 순열 검사.swift */ = {isa = PBXFileReference; lastKnownFileType = sourcecode.swift; path = "순열 검사.swift"; sourceTree = "<group>"; };
		A5EFDF5A28F2996F0098B29F /* 몫 구하기.swift */ = {isa = PBXFileReference; lastKnownFileType = sourcecode.swift; path = "몫 구하기.swift"; sourceTree = "<group>"; };
		A5EFDF5C28F29A090098B29F /* 두 수의 차.swift */ = {isa = PBXFileReference; lastKnownFileType = sourcecode.swift; path = "두 수의 차.swift"; sourceTree = "<group>"; };
/* End PBXFileReference section */

/* Begin PBXFrameworksBuildPhase section */
		A5EFDF1B28F155970098B29F /* Frameworks */ = {
			isa = PBXFrameworksBuildPhase;
			buildActionMask = 2147483647;
			files = (
			);
			runOnlyForDeploymentPostprocessing = 0;
		};
/* End PBXFrameworksBuildPhase section */

/* Begin PBXGroup section */
		A5EFDF1528F155970098B29F = {
			isa = PBXGroup;
			children = (
				A5EFDF2028F155970098B29F /* AlgorithmSwift */,
				A5EFDF1F28F155970098B29F /* Products */,
			);
			sourceTree = "<group>";
		};
		A5EFDF1F28F155970098B29F /* Products */ = {
			isa = PBXGroup;
			children = (
				A5EFDF1E28F155970098B29F /* AlgorithmSwift */,
			);
			name = Products;
			sourceTree = "<group>";
		};
		A5EFDF2028F155970098B29F /* AlgorithmSwift */ = {
			isa = PBXGroup;
			children = (
				A5EFDF2C28F15C610098B29F /* main.swift */,
				A5EFDF2828F1559D0098B29F /* Programmers */,
			);
			path = AlgorithmSwift;
			sourceTree = "<group>";
		};
		A5EFDF2828F1559D0098B29F /* Programmers */ = {
			isa = PBXGroup;
			children = (
				A5EFDF4F28F298950098B29F /* LV.0 */,
				A5EFDF5028F298A20098B29F /* LV.1 */,
				A5EFDF5128F298A80098B29F /* LV.2 */,
			);
			path = Programmers;
			sourceTree = "<group>";
		};
		A5EFDF4F28F298950098B29F /* LV.0 */ = {
			isa = PBXGroup;
			children = (
				A5EFDF5228F298D10098B29F /* 가장 큰 수 찾기.swift */,
				A5EFDF5428F298F80098B29F /* 로그인 성공?.swift */,
				A5EFDF5A28F2996F0098B29F /* 몫 구하기.swift */,
				A5EFDF5C28F29A090098B29F /* 두 수의 차.swift */,
				A5EFDF2128F155970098B29F /* 세균증식.swift */,
				A541D98728F2AF260045B802 /* 나머지 구하기.swift */,
				A541D98928F2AF6A0045B802 /* 두 수의 곱.swift */,
				A541D98B28F2AFBE0045B802 /* 나이 출력.swift */,
				A541D98D28F2B0EA0045B802 /* 숫자 비교하기.swift */,
				A5ADBCB228F3447C0054C2E0 /* 양꼬치.swift */,
				A547912028F6811A00B65210 /* 배열의 평균값.swift */,
				A547912428F6912B00B65210 /* 각도기.swift */,
				A547912628F6950400B65210 /* 짝수의 합.swift */,
				A547912828F6A77300B65210 /* 중복된 숫자 개수.swift */,
				A547912A28F6A87700B65210 /* 머쓱이보다 키 큰 사람.swift */,
				A547912C28F6AF1200B65210 /* 문자열 뒤집기.swift */,
				A547912E28F6AFEB00B65210 /* 배열 뒤집기.swift */,
				A539E3B428F8F4FA00E8CE49 /* 짝수 홀수 개수.swift */,
				A539E3B628F900A300E8CE49 /* 중앙값 구하기.swift */,
				A59672B528F9E17800E4EF00 /* 편지.swift */,
				A59672B728F9E46C00E4EF00 /* 점의 위치 구하기.swift */,
				A59672B928FA9FD000E4EF00 /* 자릿수 더하기.swift */,
				A59672BB28FAA4B700E4EF00 /* 특정 문자 제거하기.swift */,
				A59672BD28FAA88500E4EF00 /* 모음 제거.swift */,
				A59672BF28FAAA4700E4EF00 /* 배열 원소의 길이.swift */,
				A59672C128FAAE7800E4EF00 /* 배열 두배 만들기.swift */,
				A59672C328FB279000E4EF00 /* 옷가게 할인 받기.swift */,
				A59672C528FB291C00E4EF00 /* 문자열안에 문자열.swift */,
				A59672C728FB2F7400E4EF00 /* 배열의 유사도.swift */,
				A59672C928FBF70800E4EF00 /* 짝수는 싫어요.swift */,
				A59672CB28FC024C00E4EF00 /* 숫자 찾기.swift */,
				A59672CD28FC685200E4EF00 /* 최댓값 만들기(2).swift */,
				A59672CF28FC6C5F00E4EF00 /* 삼각형의 완성조건(1).swift */,
				A59CAB1A28FE25BB00E8732F /* k의 개수.swift */,
				A54B79B528FF066A00EE447F /* 개미 군단.swift */,
				A51EC9692900567F00FB6CE9 /* 팩토리얼.swift */,
				A5CB8CC12901B11600C1E572 /* 2차원으로 만들기.swift */,
				A5CB8CC32901B27600C1E572 /* 아이스 아메리카노.swift */,
				A5DE3C2A2902E3FE00935504 /* 배열 자르기.swift */,
				A5DE3C2C2902E8E000935504 /* n의 배수 고르기 .swift */,
				A5DE3C2E2902F22E00935504 /* 제곱수 판별하기.swift */,
				A5DE3C302902F29700935504 /* 숨어있는 숫자의 덧셈(1).swift */,
			);
			path = LV.0;
			sourceTree = "<group>";
		};
		A5EFDF5028F298A20098B29F /* LV.1 */ = {
			isa = PBXGroup;
			children = (
				A5EFDF5828F299390098B29F /* 순열 검사.swift */,
				A5ADBCB028F342A80054C2E0 /* 내적.swift */,
				A5ADBCB428F345A80054C2E0 /* 짝수와 홀수.swift */,
				A547912228F6902800B65210 /* 하샤드 수.swift */,
				A51EC967290020BE00FB6CE9 /* 콜라츠 추측.swift */,
			);
			path = LV.1;
			sourceTree = "<group>";
		};
		A5EFDF5128F298A80098B29F /* LV.2 */ = {
			isa = PBXGroup;
			children = (
			);
			path = LV.2;
			sourceTree = "<group>";
		};
/* End PBXGroup section */

/* Begin PBXNativeTarget section */
		A5EFDF1D28F155970098B29F /* AlgorithmSwift */ = {
			isa = PBXNativeTarget;
			buildConfigurationList = A5EFDF2528F155970098B29F /* Build configuration list for PBXNativeTarget "AlgorithmSwift" */;
			buildPhases = (
				A5EFDF1A28F155970098B29F /* Sources */,
				A5EFDF1B28F155970098B29F /* Frameworks */,
				A5EFDF1C28F155970098B29F /* CopyFiles */,
			);
			buildRules = (
			);
			dependencies = (
			);
			name = AlgorithmSwift;
			productName = AlgorithmSwift;
			productReference = A5EFDF1E28F155970098B29F /* AlgorithmSwift */;
			productType = "com.apple.product-type.tool";
		};
/* End PBXNativeTarget section */

/* Begin PBXProject section */
		A5EFDF1628F155970098B29F /* Project object */ = {
			isa = PBXProject;
			attributes = {
				BuildIndependentTargetsInParallel = 1;
				LastSwiftUpdateCheck = 1400;
				LastUpgradeCheck = 1400;
				TargetAttributes = {
					A5EFDF1D28F155970098B29F = {
						CreatedOnToolsVersion = 14.0;
					};
				};
			};
			buildConfigurationList = A5EFDF1928F155970098B29F /* Build configuration list for PBXProject "AlgorithmSwift" */;
			compatibilityVersion = "Xcode 14.0";
			developmentRegion = en;
			hasScannedForEncodings = 0;
			knownRegions = (
				en,
				Base,
			);
			mainGroup = A5EFDF1528F155970098B29F;
			productRefGroup = A5EFDF1F28F155970098B29F /* Products */;
			projectDirPath = "";
			projectRoot = "";
			targets = (
				A5EFDF1D28F155970098B29F /* AlgorithmSwift */,
			);
		};
/* End PBXProject section */

/* Begin PBXSourcesBuildPhase section */
		A5EFDF1A28F155970098B29F /* Sources */ = {
			isa = PBXSourcesBuildPhase;
			buildActionMask = 2147483647;
			files = (
				A59CAB1C28FE25C600E8732F /* main.swift in Sources */,
			);
			runOnlyForDeploymentPostprocessing = 0;
		};
/* End PBXSourcesBuildPhase section */

/* Begin XCBuildConfiguration section */
		A5EFDF2328F155970098B29F /* Debug */ = {
			isa = XCBuildConfiguration;
			buildSettings = {
				ALWAYS_SEARCH_USER_PATHS = NO;
				CLANG_ANALYZER_NONNULL = YES;
				CLANG_ANALYZER_NUMBER_OBJECT_CONVERSION = YES_AGGRESSIVE;
				CLANG_CXX_LANGUAGE_STANDARD = "gnu++20";
				CLANG_ENABLE_MODULES = YES;
				CLANG_ENABLE_OBJC_ARC = YES;
				CLANG_ENABLE_OBJC_WEAK = YES;
				CLANG_WARN_BLOCK_CAPTURE_AUTORELEASING = YES;
				CLANG_WARN_BOOL_CONVERSION = YES;
				CLANG_WARN_COMMA = YES;
				CLANG_WARN_CONSTANT_CONVERSION = YES;
				CLANG_WARN_DEPRECATED_OBJC_IMPLEMENTATIONS = YES;
				CLANG_WARN_DIRECT_OBJC_ISA_USAGE = YES_ERROR;
				CLANG_WARN_DOCUMENTATION_COMMENTS = YES;
				CLANG_WARN_EMPTY_BODY = YES;
				CLANG_WARN_ENUM_CONVERSION = YES;
				CLANG_WARN_INFINITE_RECURSION = YES;
				CLANG_WARN_INT_CONVERSION = YES;
				CLANG_WARN_NON_LITERAL_NULL_CONVERSION = YES;
				CLANG_WARN_OBJC_IMPLICIT_RETAIN_SELF = YES;
				CLANG_WARN_OBJC_LITERAL_CONVERSION = YES;
				CLANG_WARN_OBJC_ROOT_CLASS = YES_ERROR;
				CLANG_WARN_QUOTED_INCLUDE_IN_FRAMEWORK_HEADER = YES;
				CLANG_WARN_RANGE_LOOP_ANALYSIS = YES;
				CLANG_WARN_STRICT_PROTOTYPES = YES;
				CLANG_WARN_SUSPICIOUS_MOVE = YES;
				CLANG_WARN_UNGUARDED_AVAILABILITY = YES_AGGRESSIVE;
				CLANG_WARN_UNREACHABLE_CODE = YES;
				CLANG_WARN__DUPLICATE_METHOD_MATCH = YES;
				COPY_PHASE_STRIP = NO;
				DEBUG_INFORMATION_FORMAT = dwarf;
				ENABLE_STRICT_OBJC_MSGSEND = YES;
				ENABLE_TESTABILITY = YES;
				GCC_C_LANGUAGE_STANDARD = gnu11;
				GCC_DYNAMIC_NO_PIC = NO;
				GCC_NO_COMMON_BLOCKS = YES;
				GCC_OPTIMIZATION_LEVEL = 0;
				GCC_PREPROCESSOR_DEFINITIONS = (
					"DEBUG=1",
					"$(inherited)",
				);
				GCC_WARN_64_TO_32_BIT_CONVERSION = YES;
				GCC_WARN_ABOUT_RETURN_TYPE = YES_ERROR;
				GCC_WARN_UNDECLARED_SELECTOR = YES;
				GCC_WARN_UNINITIALIZED_AUTOS = YES_AGGRESSIVE;
				GCC_WARN_UNUSED_FUNCTION = YES;
				GCC_WARN_UNUSED_VARIABLE = YES;
				MACOSX_DEPLOYMENT_TARGET = 12.3;
				MTL_ENABLE_DEBUG_INFO = INCLUDE_SOURCE;
				MTL_FAST_MATH = YES;
				ONLY_ACTIVE_ARCH = YES;
				SDKROOT = macosx;
				SWIFT_ACTIVE_COMPILATION_CONDITIONS = DEBUG;
				SWIFT_OPTIMIZATION_LEVEL = "-Onone";
			};
			name = Debug;
		};
		A5EFDF2428F155970098B29F /* Release */ = {
			isa = XCBuildConfiguration;
			buildSettings = {
				ALWAYS_SEARCH_USER_PATHS = NO;
				CLANG_ANALYZER_NONNULL = YES;
				CLANG_ANALYZER_NUMBER_OBJECT_CONVERSION = YES_AGGRESSIVE;
				CLANG_CXX_LANGUAGE_STANDARD = "gnu++20";
				CLANG_ENABLE_MODULES = YES;
				CLANG_ENABLE_OBJC_ARC = YES;
				CLANG_ENABLE_OBJC_WEAK = YES;
				CLANG_WARN_BLOCK_CAPTURE_AUTORELEASING = YES;
				CLANG_WARN_BOOL_CONVERSION = YES;
				CLANG_WARN_COMMA = YES;
				CLANG_WARN_CONSTANT_CONVERSION = YES;
				CLANG_WARN_DEPRECATED_OBJC_IMPLEMENTATIONS = YES;
				CLANG_WARN_DIRECT_OBJC_ISA_USAGE = YES_ERROR;
				CLANG_WARN_DOCUMENTATION_COMMENTS = YES;
				CLANG_WARN_EMPTY_BODY = YES;
				CLANG_WARN_ENUM_CONVERSION = YES;
				CLANG_WARN_INFINITE_RECURSION = YES;
				CLANG_WARN_INT_CONVERSION = YES;
				CLANG_WARN_NON_LITERAL_NULL_CONVERSION = YES;
				CLANG_WARN_OBJC_IMPLICIT_RETAIN_SELF = YES;
				CLANG_WARN_OBJC_LITERAL_CONVERSION = YES;
				CLANG_WARN_OBJC_ROOT_CLASS = YES_ERROR;
				CLANG_WARN_QUOTED_INCLUDE_IN_FRAMEWORK_HEADER = YES;
				CLANG_WARN_RANGE_LOOP_ANALYSIS = YES;
				CLANG_WARN_STRICT_PROTOTYPES = YES;
				CLANG_WARN_SUSPICIOUS_MOVE = YES;
				CLANG_WARN_UNGUARDED_AVAILABILITY = YES_AGGRESSIVE;
				CLANG_WARN_UNREACHABLE_CODE = YES;
				CLANG_WARN__DUPLICATE_METHOD_MATCH = YES;
				COPY_PHASE_STRIP = NO;
				DEBUG_INFORMATION_FORMAT = "dwarf-with-dsym";
				ENABLE_NS_ASSERTIONS = NO;
				ENABLE_STRICT_OBJC_MSGSEND = YES;
				GCC_C_LANGUAGE_STANDARD = gnu11;
				GCC_NO_COMMON_BLOCKS = YES;
				GCC_WARN_64_TO_32_BIT_CONVERSION = YES;
				GCC_WARN_ABOUT_RETURN_TYPE = YES_ERROR;
				GCC_WARN_UNDECLARED_SELECTOR = YES;
				GCC_WARN_UNINITIALIZED_AUTOS = YES_AGGRESSIVE;
				GCC_WARN_UNUSED_FUNCTION = YES;
				GCC_WARN_UNUSED_VARIABLE = YES;
				MACOSX_DEPLOYMENT_TARGET = 12.3;
				MTL_ENABLE_DEBUG_INFO = NO;
				MTL_FAST_MATH = YES;
				SDKROOT = macosx;
				SWIFT_COMPILATION_MODE = wholemodule;
				SWIFT_OPTIMIZATION_LEVEL = "-O";
			};
			name = Release;
		};
		A5EFDF2628F155970098B29F /* Debug */ = {
			isa = XCBuildConfiguration;
			buildSettings = {
				CODE_SIGN_STYLE = Automatic;
				PRODUCT_NAME = "$(TARGET_NAME)";
				SWIFT_VERSION = 5.0;
			};
			name = Debug;
		};
		A5EFDF2728F155970098B29F /* Release */ = {
			isa = XCBuildConfiguration;
			buildSettings = {
				CODE_SIGN_STYLE = Automatic;
				PRODUCT_NAME = "$(TARGET_NAME)";
				SWIFT_VERSION = 5.0;
			};
			name = Release;
		};
/* End XCBuildConfiguration section */

/* Begin XCConfigurationList section */
		A5EFDF1928F155970098B29F /* Build configuration list for PBXProject "AlgorithmSwift" */ = {
			isa = XCConfigurationList;
			buildConfigurations = (
				A5EFDF2328F155970098B29F /* Debug */,
				A5EFDF2428F155970098B29F /* Release */,
			);
			defaultConfigurationIsVisible = 0;
			defaultConfigurationName = Release;
		};
		A5EFDF2528F155970098B29F /* Build configuration list for PBXNativeTarget "AlgorithmSwift" */ = {
			isa = XCConfigurationList;
			buildConfigurations = (
				A5EFDF2628F155970098B29F /* Debug */,
				A5EFDF2728F155970098B29F /* Release */,
			);
			defaultConfigurationIsVisible = 0;
			defaultConfigurationName = Release;
		};
/* End XCConfigurationList section */
	};
	rootObject = A5EFDF1628F155970098B29F /* Project object */;
}
