// !$*UTF8*$!
{
	archiveVersion = 1;
	classes = {
	};
	objectVersion = 56;
	objects = {

/* Begin PBXBuildFile section */
		A59CAB1C28FE25C600E8732F /* main.swift in Sources */ = {isa = PBXBuildFile; fileRef = A5EFDF2C28F15C610098B29F /* main.swift */; };
/* End PBXBuildFile section */

/* Begin PBXCopyFilesBuildPhase section */
		A5EFDF1C28F155970098B29F /* CopyFiles */ = {
			isa = PBXCopyFilesBuildPhase;
			buildActionMask = 2147483647;
			dstPath = /usr/share/man/man1/;
			dstSubfolderSpec = 0;
			files = (
			);
			runOnlyForDeploymentPostprocessing = 1;
		};
/* End PBXCopyFilesBuildPhase section */

/* Begin PBXFileReference section */
		A5039BC1296334EB00707541 /* 예산.swift */ = {isa = PBXFileReference; lastKnownFileType = sourcecode.swift; path = "예산.swift"; sourceTree = "<group>"; };
		A508B578293CBFB1005BE0F0 /* 최대공약수와 최소공배수.swift */ = {isa = PBXFileReference; lastKnownFileType = sourcecode.swift; path = "최대공약수와 최소공배수.swift"; sourceTree = "<group>"; };
		A50AAFA42918286A002AE9CA /* A로 B 만들기.swift */ = {isa = PBXFileReference; lastKnownFileType = sourcecode.swift; path = "A로 B 만들기.swift"; sourceTree = "<group>"; };
		A50AAFA62919422B002AE9CA /* 자릿수 더하기.swift */ = {isa = PBXFileReference; lastKnownFileType = sourcecode.swift; path = "자릿수 더하기.swift"; sourceTree = "<group>"; };
		A511CFD32A80E2FE008CE46C /* 2720.swift */ = {isa = PBXFileReference; lastKnownFileType = sourcecode.swift; path = 2720.swift; sourceTree = "<group>"; };
		A511CFD52A80E76A008CE46C /* 11047.swift */ = {isa = PBXFileReference; lastKnownFileType = sourcecode.swift; path = 11047.swift; sourceTree = "<group>"; };
		A511CFD82A820806008CE46C /* 두 개 뽑아서 더하기.swift */ = {isa = PBXFileReference; lastKnownFileType = sourcecode.swift; name = "두 개 뽑아서 더하기.swift"; path = "AlgorithmSwift/Programmers/LV.1/두 개 뽑아서 더하기.swift"; sourceTree = SOURCE_ROOT; };
		A511CFDA2A8208B2008CE46C /* 최소직사각형.swift */ = {isa = PBXFileReference; lastKnownFileType = sourcecode.swift; path = "최소직사각형.swift"; sourceTree = "<group>"; };
		A511CFDC2A829BBE008CE46C /* 숫자 문자열과 영단어.swift */ = {isa = PBXFileReference; lastKnownFileType = sourcecode.swift; path = "숫자 문자열과 영단어.swift"; sourceTree = "<group>"; };
		A511CFDE2A83B633008CE46C /* 11399.swift */ = {isa = PBXFileReference; lastKnownFileType = sourcecode.swift; path = 11399.swift; sourceTree = "<group>"; };
		A512740D29365220002FA576 /* 가까운 수.swift */ = {isa = PBXFileReference; lastKnownFileType = sourcecode.swift; path = "가까운 수.swift"; sourceTree = "<group>"; };
		A51AF64B290ED77A00B17127 /* 인덱스 바꾸기.swift */ = {isa = PBXFileReference; lastKnownFileType = sourcecode.swift; path = "인덱스 바꾸기.swift"; sourceTree = "<group>"; };
		A51AF67329100A7C00B17127 /* 컨트롤 제트.swift */ = {isa = PBXFileReference; lastKnownFileType = sourcecode.swift; path = "컨트롤 제트.swift"; sourceTree = "<group>"; };
		A51EC967290020BE00FB6CE9 /* 콜라츠 추측.swift */ = {isa = PBXFileReference; lastKnownFileType = sourcecode.swift; path = "콜라츠 추측.swift"; sourceTree = "<group>"; };
		A51EC9692900567F00FB6CE9 /* 팩토리얼.swift */ = {isa = PBXFileReference; lastKnownFileType = sourcecode.swift; path = "팩토리얼.swift"; sourceTree = "<group>"; };
		A526182B2938BC72004A6793 /* 진료 순서 정하기.swift */ = {isa = PBXFileReference; lastKnownFileType = sourcecode.swift; path = "진료 순서 정하기.swift"; sourceTree = "<group>"; };
		A526182D2938BDB9004A6793 /* 최댓값과 최솟값.swift */ = {isa = PBXFileReference; lastKnownFileType = sourcecode.swift; path = "최댓값과 최솟값.swift"; sourceTree = "<group>"; };
		A5261860293B7BCF004A6793 /* 없는 숫자 더하기.swift */ = {isa = PBXFileReference; lastKnownFileType = sourcecode.swift; path = "없는 숫자 더하기.swift"; sourceTree = "<group>"; };
		A5261866293BB6E3004A6793 /* 한 번만 등장한 문자.swift */ = {isa = PBXFileReference; lastKnownFileType = sourcecode.swift; path = "한 번만 등장한 문자.swift"; sourceTree = "<group>"; };
		A52C1C50291D1B0D00384300 /* 등수 매기기.swift */ = {isa = PBXFileReference; lastKnownFileType = sourcecode.swift; path = "등수 매기기.swift"; sourceTree = "<group>"; };
		A531041B291787D800310FEE /* 피자 나눠 먹기(2).swift */ = {isa = PBXFileReference; lastKnownFileType = sourcecode.swift; path = "피자 나눠 먹기(2).swift"; sourceTree = "<group>"; };
		A539E3B428F8F4FA00E8CE49 /* 짝수 홀수 개수.swift */ = {isa = PBXFileReference; lastKnownFileType = sourcecode.swift; path = "짝수 홀수 개수.swift"; sourceTree = "<group>"; };
		A539E3B628F900A300E8CE49 /* 중앙값 구하기.swift */ = {isa = PBXFileReference; lastKnownFileType = sourcecode.swift; path = "중앙값 구하기.swift"; sourceTree = "<group>"; };
		A53D65CB29116BE10012B0E3 /* 외계행성의 나이.swift */ = {isa = PBXFileReference; lastKnownFileType = sourcecode.swift; path = "외계행성의 나이.swift"; sourceTree = "<group>"; };
		A53D65CD291172ED0012B0E3 /* 배열 회전시키기.swift */ = {isa = PBXFileReference; lastKnownFileType = sourcecode.swift; path = "배열 회전시키기.swift"; sourceTree = "<group>"; };
		A53D65CF29117A650012B0E3 /* 주사위의 개수.swift */ = {isa = PBXFileReference; lastKnownFileType = sourcecode.swift; path = "주사위의 개수.swift"; sourceTree = "<group>"; };
		A541D98728F2AF260045B802 /* 나머지 구하기.swift */ = {isa = PBXFileReference; lastKnownFileType = sourcecode.swift; path = "나머지 구하기.swift"; sourceTree = "<group>"; };
		A541D98928F2AF6A0045B802 /* 두 수의 곱.swift */ = {isa = PBXFileReference; lastKnownFileType = sourcecode.swift; path = "두 수의 곱.swift"; sourceTree = "<group>"; };
		A541D98B28F2AFBE0045B802 /* 나이 출력.swift */ = {isa = PBXFileReference; lastKnownFileType = sourcecode.swift; path = "나이 출력.swift"; sourceTree = "<group>"; };
		A541D98D28F2B0EA0045B802 /* 숫자 비교하기.swift */ = {isa = PBXFileReference; lastKnownFileType = sourcecode.swift; path = "숫자 비교하기.swift"; sourceTree = "<group>"; };
		A547912028F6811A00B65210 /* 배열의 평균값.swift */ = {isa = PBXFileReference; lastKnownFileType = sourcecode.swift; path = "배열의 평균값.swift"; sourceTree = "<group>"; };
		A547912228F6902800B65210 /* 하샤드 수.swift */ = {isa = PBXFileReference; lastKnownFileType = sourcecode.swift; path = "하샤드 수.swift"; sourceTree = "<group>"; };
		A547912428F6912B00B65210 /* 각도기.swift */ = {isa = PBXFileReference; lastKnownFileType = sourcecode.swift; path = "각도기.swift"; sourceTree = "<group>"; };
		A547912628F6950400B65210 /* 짝수의 합.swift */ = {isa = PBXFileReference; lastKnownFileType = sourcecode.swift; path = "짝수의 합.swift"; sourceTree = "<group>"; };
		A547912828F6A77300B65210 /* 중복된 숫자 개수.swift */ = {isa = PBXFileReference; lastKnownFileType = sourcecode.swift; path = "중복된 숫자 개수.swift"; sourceTree = "<group>"; };
		A547912A28F6A87700B65210 /* 머쓱이보다 키 큰 사람.swift */ = {isa = PBXFileReference; lastKnownFileType = sourcecode.swift; path = "머쓱이보다 키 큰 사람.swift"; sourceTree = "<group>"; };
		A547912C28F6AF1200B65210 /* 문자열 뒤집기.swift */ = {isa = PBXFileReference; lastKnownFileType = sourcecode.swift; path = "문자열 뒤집기.swift"; sourceTree = "<group>"; };
		A547912E28F6AFEB00B65210 /* 배열 뒤집기.swift */ = {isa = PBXFileReference; lastKnownFileType = sourcecode.swift; path = "배열 뒤집기.swift"; sourceTree = "<group>"; };
		A54B79B528FF066A00EE447F /* 개미 군단.swift */ = {isa = PBXFileReference; lastKnownFileType = sourcecode.swift; path = "개미 군단.swift"; sourceTree = "<group>"; };
		A54C485B29FF6D7A004CEE3D /* n간격의 원소들.swift */ = {isa = PBXFileReference; lastKnownFileType = sourcecode.swift; path = "n간격의 원소들.swift"; sourceTree = "<group>"; };
		A551FC6C294DD6BE0071324E /* 정수 내림차순으로 배치하기.swift */ = {isa = PBXFileReference; lastKnownFileType = sourcecode.swift; path = "정수 내림차순으로 배치하기.swift"; sourceTree = "<group>"; };
		A5533AD92940EA2B002742B6 /* 가운데 글자 가져오기.swift */ = {isa = PBXFileReference; lastKnownFileType = sourcecode.swift; path = "가운데 글자 가져오기.swift"; sourceTree = "<group>"; };
		A55438B9291343DE00349D2D /* 특이한 정렬.swift */ = {isa = PBXFileReference; lastKnownFileType = sourcecode.swift; path = "특이한 정렬.swift"; sourceTree = "<group>"; };
		A55438BB29134AA700349D2D /* 369게임.swift */ = {isa = PBXFileReference; lastKnownFileType = sourcecode.swift; path = "369게임.swift"; sourceTree = "<group>"; };
		A55438BD2914869500349D2D /* 합성수 찾기.swift */ = {isa = PBXFileReference; lastKnownFileType = sourcecode.swift; path = "합성수 찾기.swift"; sourceTree = "<group>"; };
		A55438BF2914C1AB00349D2D /* 7의 개수.swift */ = {isa = PBXFileReference; lastKnownFileType = sourcecode.swift; path = "7의 개수.swift"; sourceTree = "<group>"; };
		A5544E012A0219B5004A889F /* 이어 붙인 수.swift */ = {isa = PBXFileReference; lastKnownFileType = sourcecode.swift; path = "이어 붙인 수.swift"; sourceTree = "<group>"; };
		A5544E032A021A03004A889F /* 푸드 파이터 대회.swift */ = {isa = PBXFileReference; lastKnownFileType = sourcecode.swift; path = "푸드 파이터 대회.swift"; sourceTree = "<group>"; };
		A5559ADE296936A200064B3C /* 문자열 밀기.swift */ = {isa = PBXFileReference; lastKnownFileType = sourcecode.swift; path = "문자열 밀기.swift"; sourceTree = "<group>"; };
		A555C1F42961E41B006D0D91 /* 잘라서 배열로 저장하기.swift */ = {isa = PBXFileReference; lastKnownFileType = sourcecode.swift; path = "잘라서 배열로 저장하기.swift"; sourceTree = "<group>"; };
		A56015992931F10A00ED2079 /* 직사격형 별찍기.swift */ = {isa = PBXFileReference; lastKnownFileType = sourcecode.swift; path = "직사격형 별찍기.swift"; sourceTree = "<group>"; };
		A560A3FB292285C6006BF8C8 /* 문자열 내 p와 y의 개수 .swift */ = {isa = PBXFileReference; lastKnownFileType = sourcecode.swift; path = "문자열 내 p와 y의 개수 .swift"; sourceTree = "<group>"; };
		A5611A272906DDCF00AA1AE3 /* 문자열 정렬하기(2).swift */ = {isa = PBXFileReference; lastKnownFileType = sourcecode.swift; path = "문자열 정렬하기(2).swift"; sourceTree = "<group>"; };
		A5611A292906E59E00AA1AE3 /* 대문자와 소문자.swift */ = {isa = PBXFileReference; lastKnownFileType = sourcecode.swift; path = "대문자와 소문자.swift"; sourceTree = "<group>"; };
		A5611A2B2906E9FF00AA1AE3 /* 순서쌍의 개수.swift */ = {isa = PBXFileReference; lastKnownFileType = sourcecode.swift; path = "순서쌍의 개수.swift"; sourceTree = "<group>"; };
		A5611A6629082AA600AA1AE3 /* 영어가 싫어요.swift */ = {isa = PBXFileReference; lastKnownFileType = sourcecode.swift; path = "영어가 싫어요.swift"; sourceTree = "<group>"; };
		A5611A6829082E6900AA1AE3 /* 암호 해독.swift */ = {isa = PBXFileReference; lastKnownFileType = sourcecode.swift; path = "암호 해독.swift"; sourceTree = "<group>"; };
		A5641E2B29165E8B0034133B /* 서울에서 김서방 찾기.swift */ = {isa = PBXFileReference; lastKnownFileType = sourcecode.swift; path = "서울에서 김서방 찾기.swift"; sourceTree = "<group>"; };
		A5641E2D291666F10034133B /* 중복된 문자 제거.swift */ = {isa = PBXFileReference; lastKnownFileType = sourcecode.swift; path = "중복된 문자 제거.swift"; sourceTree = "<group>"; };
		A569C8372927A6100096FD65 /* 문자열을 정수로 바꾸기.swift */ = {isa = PBXFileReference; lastKnownFileType = sourcecode.swift; path = "문자열을 정수로 바꾸기.swift"; sourceTree = "<group>"; };
		A56AC72429059B0200393E75 /* 평균 구하기.swift */ = {isa = PBXFileReference; lastKnownFileType = sourcecode.swift; path = "평균 구하기.swift"; sourceTree = "<group>"; };
		A56AC72629059F6900393E75 /* 약수의 합.swift */ = {isa = PBXFileReference; lastKnownFileType = sourcecode.swift; path = "약수의 합.swift"; sourceTree = "<group>"; };
		A57FFFE0292D248D00135A64 /* 나누어 떨어지는 숫자 배열.swift */ = {isa = PBXFileReference; lastKnownFileType = sourcecode.swift; path = "나누어 떨어지는 숫자 배열.swift"; sourceTree = "<group>"; };
		A584BB2D292A0847009132F9 /* 나머지가 1이 되는 수 찾기.swift */ = {isa = PBXFileReference; lastKnownFileType = sourcecode.swift; path = "나머지가 1이 되는 수 찾기.swift"; sourceTree = "<group>"; };
		A584BB2F292A89FA009132F9 /* 두 수의 나눗셈.swift */ = {isa = PBXFileReference; lastKnownFileType = sourcecode.swift; path = "두 수의 나눗셈.swift"; sourceTree = "<group>"; };
		A58B1D9B290C1DF8000415BA /* 문자열 정렬하기(1).swift */ = {isa = PBXFileReference; lastKnownFileType = sourcecode.swift; path = "문자열 정렬하기(1).swift"; sourceTree = "<group>"; };
		A58B1DA6290CEF45000415BA /* 가위바위보.swift */ = {isa = PBXFileReference; lastKnownFileType = sourcecode.swift; path = "가위바위보.swift"; sourceTree = "<group>"; };
		A58B1DA8290D06C6000415BA /* 음양 더하기.swift */ = {isa = PBXFileReference; lastKnownFileType = sourcecode.swift; path = "음양 더하기.swift"; sourceTree = "<group>"; };
		A5954B3E293D7B6600EC893D /* 올바른 괄호.swift */ = {isa = PBXFileReference; lastKnownFileType = sourcecode.swift; path = "올바른 괄호.swift"; sourceTree = "<group>"; };
		A5954B93293F902700EC893D /* 이상한 문자 만들기.swift */ = {isa = PBXFileReference; lastKnownFileType = sourcecode.swift; path = "이상한 문자 만들기.swift"; sourceTree = "<group>"; };
		A59672B528F9E17800E4EF00 /* 편지.swift */ = {isa = PBXFileReference; lastKnownFileType = sourcecode.swift; path = "편지.swift"; sourceTree = "<group>"; };
		A59672B728F9E46C00E4EF00 /* 점의 위치 구하기.swift */ = {isa = PBXFileReference; lastKnownFileType = sourcecode.swift; path = "점의 위치 구하기.swift"; sourceTree = "<group>"; };
		A59672B928FA9FD000E4EF00 /* 자릿수 더하기.swift */ = {isa = PBXFileReference; lastKnownFileType = sourcecode.swift; path = "자릿수 더하기.swift"; sourceTree = "<group>"; };
		A59672BB28FAA4B700E4EF00 /* 특정 문자 제거하기.swift */ = {isa = PBXFileReference; lastKnownFileType = sourcecode.swift; path = "특정 문자 제거하기.swift"; sourceTree = "<group>"; };
		A59672BD28FAA88500E4EF00 /* 모음 제거.swift */ = {isa = PBXFileReference; lastKnownFileType = sourcecode.swift; path = "모음 제거.swift"; sourceTree = "<group>"; };
		A59672BF28FAAA4700E4EF00 /* 배열 원소의 길이.swift */ = {isa = PBXFileReference; lastKnownFileType = sourcecode.swift; path = "배열 원소의 길이.swift"; sourceTree = "<group>"; };
		A59672C128FAAE7800E4EF00 /* 배열 두배 만들기.swift */ = {isa = PBXFileReference; lastKnownFileType = sourcecode.swift; path = "배열 두배 만들기.swift"; sourceTree = "<group>"; };
		A59672C328FB279000E4EF00 /* 옷가게 할인 받기.swift */ = {isa = PBXFileReference; lastKnownFileType = sourcecode.swift; path = "옷가게 할인 받기.swift"; sourceTree = "<group>"; };
		A59672C528FB291C00E4EF00 /* 문자열안에 문자열.swift */ = {isa = PBXFileReference; lastKnownFileType = sourcecode.swift; path = "문자열안에 문자열.swift"; sourceTree = "<group>"; };
		A59672C728FB2F7400E4EF00 /* 배열의 유사도.swift */ = {isa = PBXFileReference; lastKnownFileType = sourcecode.swift; path = "배열의 유사도.swift"; sourceTree = "<group>"; };
		A59672C928FBF70800E4EF00 /* 짝수는 싫어요.swift */ = {isa = PBXFileReference; lastKnownFileType = sourcecode.swift; path = "짝수는 싫어요.swift"; sourceTree = "<group>"; };
		A59672CB28FC024C00E4EF00 /* 숫자 찾기.swift */ = {isa = PBXFileReference; lastKnownFileType = sourcecode.swift; path = "숫자 찾기.swift"; sourceTree = "<group>"; };
		A59672CD28FC685200E4EF00 /* 최댓값 만들기(2).swift */ = {isa = PBXFileReference; lastKnownFileType = sourcecode.swift; path = "최댓값 만들기(2).swift"; sourceTree = "<group>"; };
		A59672CF28FC6C5F00E4EF00 /* 삼각형의 완성조건(1).swift */ = {isa = PBXFileReference; lastKnownFileType = sourcecode.swift; path = "삼각형의 완성조건(1).swift"; sourceTree = "<group>"; };
		A59CAB1A28FE25BB00E8732F /* k의 개수.swift */ = {isa = PBXFileReference; lastKnownFileType = sourcecode.swift; path = "k의 개수.swift"; sourceTree = "<group>"; };
		A59F8335292107B000D7040B /* 자연수 뒤집어 배열로 만들기.swift */ = {isa = PBXFileReference; lastKnownFileType = sourcecode.swift; path = "자연수 뒤집어 배열로 만들기.swift"; sourceTree = "<group>"; };
		A59F833829210E7F00D7040B /* 정수 제곱근 판별.swift */ = {isa = PBXFileReference; lastKnownFileType = sourcecode.swift; path = "정수 제곱근 판별.swift"; sourceTree = "<group>"; };
		A5A0240D292BCB720038AE45 /* 두 정수 사이의 합.swift */ = {isa = PBXFileReference; lastKnownFileType = sourcecode.swift; path = "두 정수 사이의 합.swift"; sourceTree = "<group>"; };
		A5A0240F292BCC1E0038AE45 /* 핸드폰 번호 가리기.swift */ = {isa = PBXFileReference; lastKnownFileType = sourcecode.swift; path = "핸드폰 번호 가리기.swift"; sourceTree = "<group>"; };
		A5A7F70F2925271200B0C4E2 /* 캐릭터의 좌표.swift */ = {isa = PBXFileReference; lastKnownFileType = sourcecode.swift; path = "캐릭터의 좌표.swift"; sourceTree = "<group>"; };
		A5A7F72D29263C4200B0C4E2 /* 모스부호.swift */ = {isa = PBXFileReference; lastKnownFileType = sourcecode.swift; path = "모스부호.swift"; sourceTree = "<group>"; };
		A5A7F72F29263E0F00B0C4E2 /* x만큼 간격이 있는 n개의 숫자.swift */ = {isa = PBXFileReference; lastKnownFileType = sourcecode.swift; path = "x만큼 간격이 있는 n개의 숫자.swift"; sourceTree = "<group>"; };
		A5ADBCB028F342A80054C2E0 /* 내적.swift */ = {isa = PBXFileReference; lastKnownFileType = sourcecode.swift; path = "내적.swift"; sourceTree = "<group>"; };
		A5ADBCB228F3447C0054C2E0 /* 양꼬치.swift */ = {isa = PBXFileReference; lastKnownFileType = sourcecode.swift; path = "양꼬치.swift"; sourceTree = "<group>"; };
		A5ADBCB428F345A80054C2E0 /* 짝수와 홀수.swift */ = {isa = PBXFileReference; lastKnownFileType = sourcecode.swift; path = "짝수와 홀수.swift"; sourceTree = "<group>"; };
		A5AE047429423C6600DB3D3A /* 과일 장수.swift */ = {isa = PBXFileReference; lastKnownFileType = sourcecode.swift; path = "과일 장수.swift"; sourceTree = "<group>"; };
		A5C1FD55294B480F00F721B8 /* 종이 자르기.swift */ = {isa = PBXFileReference; lastKnownFileType = sourcecode.swift; path = "종이 자르기.swift"; sourceTree = "<group>"; };
		A5C50F6029439F4600FB2ACB /* 모의고사.swift */ = {isa = PBXFileReference; lastKnownFileType = sourcecode.swift; path = "모의고사.swift"; sourceTree = "<group>"; };
		A5C50F622944C79200FB2ACB /* 소인수분해.swift */ = {isa = PBXFileReference; lastKnownFileType = sourcecode.swift; path = "소인수분해.swift"; sourceTree = "<group>"; };
		A5C50F642944E27F00FB2ACB /* 최솟값 만들기.swift */ = {isa = PBXFileReference; lastKnownFileType = sourcecode.swift; path = "최솟값 만들기.swift"; sourceTree = "<group>"; };
		A5CB8CC12901B11600C1E572 /* 2차원으로 만들기.swift */ = {isa = PBXFileReference; lastKnownFileType = sourcecode.swift; path = "2차원으로 만들기.swift"; sourceTree = "<group>"; };
		A5CB8CC32901B27600C1E572 /* 아이스 아메리카노.swift */ = {isa = PBXFileReference; lastKnownFileType = sourcecode.swift; path = "아이스 아메리카노.swift"; sourceTree = "<group>"; };
		A5DCB6142951EB4C00144D9B /* 문자열 다루기 기본.swift */ = {isa = PBXFileReference; lastKnownFileType = sourcecode.swift; path = "문자열 다루기 기본.swift"; sourceTree = "<group>"; };
		A5DE3C2A2902E3FE00935504 /* 배열 자르기.swift */ = {isa = PBXFileReference; lastKnownFileType = sourcecode.swift; path = "배열 자르기.swift"; sourceTree = "<group>"; };
		A5DE3C2C2902E8E000935504 /* n의 배수 고르기 .swift */ = {isa = PBXFileReference; lastKnownFileType = sourcecode.swift; path = "n의 배수 고르기 .swift"; sourceTree = "<group>"; };
		A5DE3C2E2902F22E00935504 /* 제곱수 판별하기.swift */ = {isa = PBXFileReference; lastKnownFileType = sourcecode.swift; path = "제곱수 판별하기.swift"; sourceTree = "<group>"; };
		A5DE3C302902F29700935504 /* 숨어있는 숫자의 덧셈(1).swift */ = {isa = PBXFileReference; lastKnownFileType = sourcecode.swift; path = "숨어있는 숫자의 덧셈(1).swift"; sourceTree = "<group>"; };
		A5E18DF9293357580079DF85 /* 1.제일 작은 수 제거하기.swift */ = {isa = PBXFileReference; lastKnownFileType = sourcecode.swift; path = "1.제일 작은 수 제거하기.swift"; sourceTree = "<group>"; };
		A5E2B89B29039C7200745E01 /* 쵀댓값 만들기(1).swift */ = {isa = PBXFileReference; lastKnownFileType = sourcecode.swift; path = "쵀댓값 만들기(1).swift"; sourceTree = "<group>"; };
		A5E2B89D2904254E00745E01 /* 피자 나눠 먹기(1).swift */ = {isa = PBXFileReference; lastKnownFileType = sourcecode.swift; path = "피자 나눠 먹기(1).swift"; sourceTree = "<group>"; };
		A5E2B89F2904291B00745E01 /* 약수 구하기.swift */ = {isa = PBXFileReference; lastKnownFileType = sourcecode.swift; path = "약수 구하기.swift"; sourceTree = "<group>"; };
		A5E2B8A129042C7E00745E01 /* 피자 나눠 먹기(3).swift */ = {isa = PBXFileReference; lastKnownFileType = sourcecode.swift; path = "피자 나눠 먹기(3).swift"; sourceTree = "<group>"; };
		A5E857CB2922B8B7000924A9 /* 수박수박수박수박수박수?.swift */ = {isa = PBXFileReference; lastKnownFileType = sourcecode.swift; path = "수박수박수박수박수박수?.swift"; sourceTree = "<group>"; };
		A5E8581D2923D30C000924A9 /* 약수의 개수와 덧셈.swift */ = {isa = PBXFileReference; lastKnownFileType = sourcecode.swift; path = "약수의 개수와 덧셈.swift"; sourceTree = "<group>"; };
		A5EC14A129096F030031BA58 /* 부족한 금액 계산하기.swift */ = {isa = PBXFileReference; lastKnownFileType = sourcecode.swift; path = "부족한 금액 계산하기.swift"; sourceTree = "<group>"; };
		A5EC14A3290996EC0031BA58 /* OX퀴즈.swift */ = {isa = PBXFileReference; lastKnownFileType = sourcecode.swift; path = "OX퀴즈.swift"; sourceTree = "<group>"; };
		A5EFDF1E28F155970098B29F /* AlgorithmSwift */ = {isa = PBXFileReference; explicitFileType = "compiled.mach-o.executable"; includeInIndex = 0; path = AlgorithmSwift; sourceTree = BUILT_PRODUCTS_DIR; };
		A5EFDF2128F155970098B29F /* 세균증식.swift */ = {isa = PBXFileReference; lastKnownFileType = sourcecode.swift; path = "세균증식.swift"; sourceTree = "<group>"; };
		A5EFDF2C28F15C610098B29F /* main.swift */ = {isa = PBXFileReference; lastKnownFileType = sourcecode.swift; path = main.swift; sourceTree = "<group>"; };
		A5EFDF5228F298D10098B29F /* 가장 큰 수 찾기.swift */ = {isa = PBXFileReference; lastKnownFileType = sourcecode.swift; path = "가장 큰 수 찾기.swift"; sourceTree = "<group>"; };
		A5EFDF5428F298F80098B29F /* 로그인 성공?.swift */ = {isa = PBXFileReference; lastKnownFileType = sourcecode.swift; path = "로그인 성공?.swift"; sourceTree = "<group>"; };
		A5EFDF5828F299390098B29F /* 순열 검사.swift */ = {isa = PBXFileReference; lastKnownFileType = sourcecode.swift; path = "순열 검사.swift"; sourceTree = "<group>"; };
		A5EFDF5A28F2996F0098B29F /* 몫 구하기.swift */ = {isa = PBXFileReference; lastKnownFileType = sourcecode.swift; path = "몫 구하기.swift"; sourceTree = "<group>"; };
		A5EFDF5C28F29A090098B29F /* 두 수의 차.swift */ = {isa = PBXFileReference; lastKnownFileType = sourcecode.swift; path = "두 수의 차.swift"; sourceTree = "<group>"; };
		A5F384F22949F90200D919E4 /* 직사각형 넓이 구하기.swift */ = {isa = PBXFileReference; lastKnownFileType = sourcecode.swift; path = "직사각형 넓이 구하기.swift"; sourceTree = "<group>"; };
		A5F95DE2290AE8DF0039A123 /* 문자 반복 출력하기.swift */ = {isa = PBXFileReference; lastKnownFileType = sourcecode.swift; path = "문자 반복 출력하기.swift"; sourceTree = "<group>"; };
		A5F95DE4290AEA6F0039A123 /* 직각삼각형 출력하기.swift */ = {isa = PBXFileReference; lastKnownFileType = sourcecode.swift; path = "직각삼각형 출력하기.swift"; sourceTree = "<group>"; };
/* End PBXFileReference section */

/* Begin PBXFrameworksBuildPhase section */
		A5EFDF1B28F155970098B29F /* Frameworks */ = {
			isa = PBXFrameworksBuildPhase;
			buildActionMask = 2147483647;
			files = (
			);
			runOnlyForDeploymentPostprocessing = 0;
		};
/* End PBXFrameworksBuildPhase section */

/* Begin PBXGroup section */
		A511CFD12A80DF7E008CE46C /* Baekjoon */ = {
			isa = PBXGroup;
			children = (
				A511CFD22A80DF8D008CE46C /* Greedy */,
			);
			path = Baekjoon;
			sourceTree = "<group>";
		};
		A511CFD22A80DF8D008CE46C /* Greedy */ = {
			isa = PBXGroup;
			children = (
				A511CFD32A80E2FE008CE46C /* 2720.swift */,
				A511CFD52A80E76A008CE46C /* 11047.swift */,
				A511CFDE2A83B633008CE46C /* 11399.swift */,
			);
			name = Greedy;
			sourceTree = "<group>";
		};
		A5EFDF1528F155970098B29F = {
			isa = PBXGroup;
			children = (
				A5EFDF2028F155970098B29F /* AlgorithmSwift */,
				A5EFDF1F28F155970098B29F /* Products */,
			);
			sourceTree = "<group>";
		};
		A5EFDF1F28F155970098B29F /* Products */ = {
			isa = PBXGroup;
			children = (
				A5EFDF1E28F155970098B29F /* AlgorithmSwift */,
			);
			name = Products;
			sourceTree = "<group>";
		};
		A5EFDF2028F155970098B29F /* AlgorithmSwift */ = {
			isa = PBXGroup;
			children = (
				A5EFDF2C28F15C610098B29F /* main.swift */,
				A511CFD12A80DF7E008CE46C /* Baekjoon */,
				A5EFDF2828F1559D0098B29F /* Programmers */,
			);
			path = AlgorithmSwift;
			sourceTree = "<group>";
		};
		A5EFDF2828F1559D0098B29F /* Programmers */ = {
			isa = PBXGroup;
			children = (
				A5EFDF4F28F298950098B29F /* LV.0 */,
				A5EFDF5028F298A20098B29F /* LV.1 */,
				A5EFDF5128F298A80098B29F /* LV.2 */,
			);
			path = Programmers;
			sourceTree = "<group>";
		};
		A5EFDF4F28F298950098B29F /* LV.0 */ = {
			isa = PBXGroup;
			children = (
				A5EFDF5228F298D10098B29F /* 가장 큰 수 찾기.swift */,
				A5EFDF5428F298F80098B29F /* 로그인 성공?.swift */,
				A5EFDF5A28F2996F0098B29F /* 몫 구하기.swift */,
				A5EFDF5C28F29A090098B29F /* 두 수의 차.swift */,
				A5EFDF2128F155970098B29F /* 세균증식.swift */,
				A541D98728F2AF260045B802 /* 나머지 구하기.swift */,
				A541D98928F2AF6A0045B802 /* 두 수의 곱.swift */,
				A541D98B28F2AFBE0045B802 /* 나이 출력.swift */,
				A541D98D28F2B0EA0045B802 /* 숫자 비교하기.swift */,
				A5ADBCB228F3447C0054C2E0 /* 양꼬치.swift */,
				A547912028F6811A00B65210 /* 배열의 평균값.swift */,
				A547912428F6912B00B65210 /* 각도기.swift */,
				A547912628F6950400B65210 /* 짝수의 합.swift */,
				A547912828F6A77300B65210 /* 중복된 숫자 개수.swift */,
				A547912A28F6A87700B65210 /* 머쓱이보다 키 큰 사람.swift */,
				A547912C28F6AF1200B65210 /* 문자열 뒤집기.swift */,
				A547912E28F6AFEB00B65210 /* 배열 뒤집기.swift */,
				A539E3B428F8F4FA00E8CE49 /* 짝수 홀수 개수.swift */,
				A539E3B628F900A300E8CE49 /* 중앙값 구하기.swift */,
				A59672B528F9E17800E4EF00 /* 편지.swift */,
				A59672B728F9E46C00E4EF00 /* 점의 위치 구하기.swift */,
				A59672B928FA9FD000E4EF00 /* 자릿수 더하기.swift */,
				A59672BB28FAA4B700E4EF00 /* 특정 문자 제거하기.swift */,
				A59672BD28FAA88500E4EF00 /* 모음 제거.swift */,
				A59672BF28FAAA4700E4EF00 /* 배열 원소의 길이.swift */,
				A59672C128FAAE7800E4EF00 /* 배열 두배 만들기.swift */,
				A59672C328FB279000E4EF00 /* 옷가게 할인 받기.swift */,
				A59672C528FB291C00E4EF00 /* 문자열안에 문자열.swift */,
				A59672C728FB2F7400E4EF00 /* 배열의 유사도.swift */,
				A59672C928FBF70800E4EF00 /* 짝수는 싫어요.swift */,
				A59672CB28FC024C00E4EF00 /* 숫자 찾기.swift */,
				A59672CD28FC685200E4EF00 /* 최댓값 만들기(2).swift */,
				A59672CF28FC6C5F00E4EF00 /* 삼각형의 완성조건(1).swift */,
				A59CAB1A28FE25BB00E8732F /* k의 개수.swift */,
				A54B79B528FF066A00EE447F /* 개미 군단.swift */,
				A51EC9692900567F00FB6CE9 /* 팩토리얼.swift */,
				A5CB8CC12901B11600C1E572 /* 2차원으로 만들기.swift */,
				A5CB8CC32901B27600C1E572 /* 아이스 아메리카노.swift */,
				A5DE3C2A2902E3FE00935504 /* 배열 자르기.swift */,
				A5DE3C2C2902E8E000935504 /* n의 배수 고르기 .swift */,
				A5DE3C2E2902F22E00935504 /* 제곱수 판별하기.swift */,
				A5DE3C302902F29700935504 /* 숨어있는 숫자의 덧셈(1).swift */,
				A5E2B89B29039C7200745E01 /* 쵀댓값 만들기(1).swift */,
				A5E2B89D2904254E00745E01 /* 피자 나눠 먹기(1).swift */,
				A5E2B89F2904291B00745E01 /* 약수 구하기.swift */,
				A5E2B8A129042C7E00745E01 /* 피자 나눠 먹기(3).swift */,
				A56AC72429059B0200393E75 /* 평균 구하기.swift */,
				A56AC72629059F6900393E75 /* 약수의 합.swift */,
				A5611A272906DDCF00AA1AE3 /* 문자열 정렬하기(2).swift */,
				A5611A292906E59E00AA1AE3 /* 대문자와 소문자.swift */,
				A5611A2B2906E9FF00AA1AE3 /* 순서쌍의 개수.swift */,
				A5611A6629082AA600AA1AE3 /* 영어가 싫어요.swift */,
				A5611A6829082E6900AA1AE3 /* 암호 해독.swift */,
				A5EC14A3290996EC0031BA58 /* OX퀴즈.swift */,
				A5F95DE2290AE8DF0039A123 /* 문자 반복 출력하기.swift */,
				A5F95DE4290AEA6F0039A123 /* 직각삼각형 출력하기.swift */,
				A58B1D9B290C1DF8000415BA /* 문자열 정렬하기(1).swift */,
				A58B1DA6290CEF45000415BA /* 가위바위보.swift */,
				A51AF64B290ED77A00B17127 /* 인덱스 바꾸기.swift */,
				A51AF67329100A7C00B17127 /* 컨트롤 제트.swift */,
				A53D65CB29116BE10012B0E3 /* 외계행성의 나이.swift */,
				A53D65CD291172ED0012B0E3 /* 배열 회전시키기.swift */,
				A53D65CF29117A650012B0E3 /* 주사위의 개수.swift */,
				A55438B9291343DE00349D2D /* 특이한 정렬.swift */,
				A55438BB29134AA700349D2D /* 369게임.swift */,
				A55438BD2914869500349D2D /* 합성수 찾기.swift */,
				A55438BF2914C1AB00349D2D /* 7의 개수.swift */,
				A5641E2D291666F10034133B /* 중복된 문자 제거.swift */,
				A531041B291787D800310FEE /* 피자 나눠 먹기(2).swift */,
				A50AAFA42918286A002AE9CA /* A로 B 만들기.swift */,
				A52C1C50291D1B0D00384300 /* 등수 매기기.swift */,
				A5A7F70F2925271200B0C4E2 /* 캐릭터의 좌표.swift */,
				A5A7F72D29263C4200B0C4E2 /* 모스부호.swift */,
				A512740D29365220002FA576 /* 가까운 수.swift */,
				A526182B2938BC72004A6793 /* 진료 순서 정하기.swift */,
				A5261860293B7BCF004A6793 /* 없는 숫자 더하기.swift */,
				A5261866293BB6E3004A6793 /* 한 번만 등장한 문자.swift */,
				A508B578293CBFB1005BE0F0 /* 최대공약수와 최소공배수.swift */,
				A5C50F622944C79200FB2ACB /* 소인수분해.swift */,
				A5F384F22949F90200D919E4 /* 직사각형 넓이 구하기.swift */,
				A5C1FD55294B480F00F721B8 /* 종이 자르기.swift */,
				A551FC6C294DD6BE0071324E /* 정수 내림차순으로 배치하기.swift */,
				A555C1F42961E41B006D0D91 /* 잘라서 배열로 저장하기.swift */,
				A5559ADE296936A200064B3C /* 문자열 밀기.swift */,
				A54C485B29FF6D7A004CEE3D /* n간격의 원소들.swift */,
				A5544E012A0219B5004A889F /* 이어 붙인 수.swift */,
			);
			path = LV.0;
			sourceTree = "<group>";
		};
		A5EFDF5028F298A20098B29F /* LV.1 */ = {
			isa = PBXGroup;
			children = (
				A5EFDF5828F299390098B29F /* 순열 검사.swift */,
				A5ADBCB028F342A80054C2E0 /* 내적.swift */,
				A5ADBCB428F345A80054C2E0 /* 짝수와 홀수.swift */,
				A547912228F6902800B65210 /* 하샤드 수.swift */,
				A51EC967290020BE00FB6CE9 /* 콜라츠 추측.swift */,
				A5EC14A129096F030031BA58 /* 부족한 금액 계산하기.swift */,
				A58B1DA8290D06C6000415BA /* 음양 더하기.swift */,
				A5641E2B29165E8B0034133B /* 서울에서 김서방 찾기.swift */,
				A50AAFA62919422B002AE9CA /* 자릿수 더하기.swift */,
				A59F8335292107B000D7040B /* 자연수 뒤집어 배열로 만들기.swift */,
				A59F833829210E7F00D7040B /* 정수 제곱근 판별.swift */,
				A560A3FB292285C6006BF8C8 /* 문자열 내 p와 y의 개수 .swift */,
				A5E857CB2922B8B7000924A9 /* 수박수박수박수박수박수?.swift */,
				A5E8581D2923D30C000924A9 /* 약수의 개수와 덧셈.swift */,
				A5A7F72F29263E0F00B0C4E2 /* x만큼 간격이 있는 n개의 숫자.swift */,
				A569C8372927A6100096FD65 /* 문자열을 정수로 바꾸기.swift */,
				A584BB2D292A0847009132F9 /* 나머지가 1이 되는 수 찾기.swift */,
				A584BB2F292A89FA009132F9 /* 두 수의 나눗셈.swift */,
				A5A0240D292BCB720038AE45 /* 두 정수 사이의 합.swift */,
				A5A0240F292BCC1E0038AE45 /* 핸드폰 번호 가리기.swift */,
				A57FFFE0292D248D00135A64 /* 나누어 떨어지는 숫자 배열.swift */,
				A56015992931F10A00ED2079 /* 직사격형 별찍기.swift */,
				A5E18DF9293357580079DF85 /* 1.제일 작은 수 제거하기.swift */,
				A5954B93293F902700EC893D /* 이상한 문자 만들기.swift */,
				A5533AD92940EA2B002742B6 /* 가운데 글자 가져오기.swift */,
				A5AE047429423C6600DB3D3A /* 과일 장수.swift */,
				A5C50F6029439F4600FB2ACB /* 모의고사.swift */,
				A5DCB6142951EB4C00144D9B /* 문자열 다루기 기본.swift */,
				A5039BC1296334EB00707541 /* 예산.swift */,
				A5544E032A021A03004A889F /* 푸드 파이터 대회.swift */,
				A511CFD82A820806008CE46C /* 두 개 뽑아서 더하기.swift */,
				A511CFDA2A8208B2008CE46C /* 최소직사각형.swift */,
				A511CFDC2A829BBE008CE46C /* 숫자 문자열과 영단어.swift */,
			);
			path = LV.1;
			sourceTree = "<group>";
		};
		A5EFDF5128F298A80098B29F /* LV.2 */ = {
			isa = PBXGroup;
			children = (
				A526182D2938BDB9004A6793 /* 최댓값과 최솟값.swift */,
				A5954B3E293D7B6600EC893D /* 올바른 괄호.swift */,
				A5C50F642944E27F00FB2ACB /* 최솟값 만들기.swift */,
			);
			path = LV.2;
			sourceTree = "<group>";
		};
/* End PBXGroup section */

/* Begin PBXNativeTarget section */
		A5EFDF1D28F155970098B29F /* AlgorithmSwift */ = {
			isa = PBXNativeTarget;
			buildConfigurationList = A5EFDF2528F155970098B29F /* Build configuration list for PBXNativeTarget "AlgorithmSwift" */;
			buildPhases = (
				A5EFDF1A28F155970098B29F /* Sources */,
				A5EFDF1B28F155970098B29F /* Frameworks */,
				A5EFDF1C28F155970098B29F /* CopyFiles */,
			);
			buildRules = (
			);
			dependencies = (
			);
			name = AlgorithmSwift;
			productName = AlgorithmSwift;
			productReference = A5EFDF1E28F155970098B29F /* AlgorithmSwift */;
			productType = "com.apple.product-type.tool";
		};
/* End PBXNativeTarget section */

/* Begin PBXProject section */
		A5EFDF1628F155970098B29F /* Project object */ = {
			isa = PBXProject;
			attributes = {
				BuildIndependentTargetsInParallel = 1;
				LastSwiftUpdateCheck = 1400;
				LastUpgradeCheck = 1400;
				TargetAttributes = {
					A5EFDF1D28F155970098B29F = {
						CreatedOnToolsVersion = 14.0;
					};
				};
			};
			buildConfigurationList = A5EFDF1928F155970098B29F /* Build configuration list for PBXProject "AlgorithmSwift" */;
			compatibilityVersion = "Xcode 14.0";
			developmentRegion = en;
			hasScannedForEncodings = 0;
			knownRegions = (
				en,
				Base,
			);
			mainGroup = A5EFDF1528F155970098B29F;
			productRefGroup = A5EFDF1F28F155970098B29F /* Products */;
			projectDirPath = "";
			projectRoot = "";
			targets = (
				A5EFDF1D28F155970098B29F /* AlgorithmSwift */,
			);
		};
/* End PBXProject section */

/* Begin PBXSourcesBuildPhase section */
		A5EFDF1A28F155970098B29F /* Sources */ = {
			isa = PBXSourcesBuildPhase;
			buildActionMask = 2147483647;
			files = (
				A59CAB1C28FE25C600E8732F /* main.swift in Sources */,
			);
			runOnlyForDeploymentPostprocessing = 0;
		};
/* End PBXSourcesBuildPhase section */

/* Begin XCBuildConfiguration section */
		A5EFDF2328F155970098B29F /* Debug */ = {
			isa = XCBuildConfiguration;
			buildSettings = {
				ALWAYS_SEARCH_USER_PATHS = NO;
				CLANG_ANALYZER_NONNULL = YES;
				CLANG_ANALYZER_NUMBER_OBJECT_CONVERSION = YES_AGGRESSIVE;
				CLANG_CXX_LANGUAGE_STANDARD = "gnu++20";
				CLANG_ENABLE_MODULES = YES;
				CLANG_ENABLE_OBJC_ARC = YES;
				CLANG_ENABLE_OBJC_WEAK = YES;
				CLANG_WARN_BLOCK_CAPTURE_AUTORELEASING = YES;
				CLANG_WARN_BOOL_CONVERSION = YES;
				CLANG_WARN_COMMA = YES;
				CLANG_WARN_CONSTANT_CONVERSION = YES;
				CLANG_WARN_DEPRECATED_OBJC_IMPLEMENTATIONS = YES;
				CLANG_WARN_DIRECT_OBJC_ISA_USAGE = YES_ERROR;
				CLANG_WARN_DOCUMENTATION_COMMENTS = YES;
				CLANG_WARN_EMPTY_BODY = YES;
				CLANG_WARN_ENUM_CONVERSION = YES;
				CLANG_WARN_INFINITE_RECURSION = YES;
				CLANG_WARN_INT_CONVERSION = YES;
				CLANG_WARN_NON_LITERAL_NULL_CONVERSION = YES;
				CLANG_WARN_OBJC_IMPLICIT_RETAIN_SELF = YES;
				CLANG_WARN_OBJC_LITERAL_CONVERSION = YES;
				CLANG_WARN_OBJC_ROOT_CLASS = YES_ERROR;
				CLANG_WARN_QUOTED_INCLUDE_IN_FRAMEWORK_HEADER = YES;
				CLANG_WARN_RANGE_LOOP_ANALYSIS = YES;
				CLANG_WARN_STRICT_PROTOTYPES = YES;
				CLANG_WARN_SUSPICIOUS_MOVE = YES;
				CLANG_WARN_UNGUARDED_AVAILABILITY = YES_AGGRESSIVE;
				CLANG_WARN_UNREACHABLE_CODE = YES;
				CLANG_WARN__DUPLICATE_METHOD_MATCH = YES;
				COPY_PHASE_STRIP = NO;
				DEBUG_INFORMATION_FORMAT = dwarf;
				ENABLE_STRICT_OBJC_MSGSEND = YES;
				ENABLE_TESTABILITY = YES;
				GCC_C_LANGUAGE_STANDARD = gnu11;
				GCC_DYNAMIC_NO_PIC = NO;
				GCC_NO_COMMON_BLOCKS = YES;
				GCC_OPTIMIZATION_LEVEL = 0;
				GCC_PREPROCESSOR_DEFINITIONS = (
					"DEBUG=1",
					"$(inherited)",
				);
				GCC_WARN_64_TO_32_BIT_CONVERSION = YES;
				GCC_WARN_ABOUT_RETURN_TYPE = YES_ERROR;
				GCC_WARN_UNDECLARED_SELECTOR = YES;
				GCC_WARN_UNINITIALIZED_AUTOS = YES_AGGRESSIVE;
				GCC_WARN_UNUSED_FUNCTION = YES;
				GCC_WARN_UNUSED_VARIABLE = YES;
				MACOSX_DEPLOYMENT_TARGET = 12.3;
				MTL_ENABLE_DEBUG_INFO = INCLUDE_SOURCE;
				MTL_FAST_MATH = YES;
				ONLY_ACTIVE_ARCH = YES;
				SDKROOT = macosx;
				SWIFT_ACTIVE_COMPILATION_CONDITIONS = DEBUG;
				SWIFT_OPTIMIZATION_LEVEL = "-Onone";
			};
			name = Debug;
		};
		A5EFDF2428F155970098B29F /* Release */ = {
			isa = XCBuildConfiguration;
			buildSettings = {
				ALWAYS_SEARCH_USER_PATHS = NO;
				CLANG_ANALYZER_NONNULL = YES;
				CLANG_ANALYZER_NUMBER_OBJECT_CONVERSION = YES_AGGRESSIVE;
				CLANG_CXX_LANGUAGE_STANDARD = "gnu++20";
				CLANG_ENABLE_MODULES = YES;
				CLANG_ENABLE_OBJC_ARC = YES;
				CLANG_ENABLE_OBJC_WEAK = YES;
				CLANG_WARN_BLOCK_CAPTURE_AUTORELEASING = YES;
				CLANG_WARN_BOOL_CONVERSION = YES;
				CLANG_WARN_COMMA = YES;
				CLANG_WARN_CONSTANT_CONVERSION = YES;
				CLANG_WARN_DEPRECATED_OBJC_IMPLEMENTATIONS = YES;
				CLANG_WARN_DIRECT_OBJC_ISA_USAGE = YES_ERROR;
				CLANG_WARN_DOCUMENTATION_COMMENTS = YES;
				CLANG_WARN_EMPTY_BODY = YES;
				CLANG_WARN_ENUM_CONVERSION = YES;
				CLANG_WARN_INFINITE_RECURSION = YES;
				CLANG_WARN_INT_CONVERSION = YES;
				CLANG_WARN_NON_LITERAL_NULL_CONVERSION = YES;
				CLANG_WARN_OBJC_IMPLICIT_RETAIN_SELF = YES;
				CLANG_WARN_OBJC_LITERAL_CONVERSION = YES;
				CLANG_WARN_OBJC_ROOT_CLASS = YES_ERROR;
				CLANG_WARN_QUOTED_INCLUDE_IN_FRAMEWORK_HEADER = YES;
				CLANG_WARN_RANGE_LOOP_ANALYSIS = YES;
				CLANG_WARN_STRICT_PROTOTYPES = YES;
				CLANG_WARN_SUSPICIOUS_MOVE = YES;
				CLANG_WARN_UNGUARDED_AVAILABILITY = YES_AGGRESSIVE;
				CLANG_WARN_UNREACHABLE_CODE = YES;
				CLANG_WARN__DUPLICATE_METHOD_MATCH = YES;
				COPY_PHASE_STRIP = NO;
				DEBUG_INFORMATION_FORMAT = "dwarf-with-dsym";
				ENABLE_NS_ASSERTIONS = NO;
				ENABLE_STRICT_OBJC_MSGSEND = YES;
				GCC_C_LANGUAGE_STANDARD = gnu11;
				GCC_NO_COMMON_BLOCKS = YES;
				GCC_WARN_64_TO_32_BIT_CONVERSION = YES;
				GCC_WARN_ABOUT_RETURN_TYPE = YES_ERROR;
				GCC_WARN_UNDECLARED_SELECTOR = YES;
				GCC_WARN_UNINITIALIZED_AUTOS = YES_AGGRESSIVE;
				GCC_WARN_UNUSED_FUNCTION = YES;
				GCC_WARN_UNUSED_VARIABLE = YES;
				MACOSX_DEPLOYMENT_TARGET = 12.3;
				MTL_ENABLE_DEBUG_INFO = NO;
				MTL_FAST_MATH = YES;
				SDKROOT = macosx;
				SWIFT_COMPILATION_MODE = wholemodule;
				SWIFT_OPTIMIZATION_LEVEL = "-O";
			};
			name = Release;
		};
		A5EFDF2628F155970098B29F /* Debug */ = {
			isa = XCBuildConfiguration;
			buildSettings = {
				CODE_SIGN_STYLE = Automatic;
				PRODUCT_NAME = "$(TARGET_NAME)";
				SWIFT_VERSION = 5.0;
			};
			name = Debug;
		};
		A5EFDF2728F155970098B29F /* Release */ = {
			isa = XCBuildConfiguration;
			buildSettings = {
				CODE_SIGN_STYLE = Automatic;
				PRODUCT_NAME = "$(TARGET_NAME)";
				SWIFT_VERSION = 5.0;
			};
			name = Release;
		};
/* End XCBuildConfiguration section */

/* Begin XCConfigurationList section */
		A5EFDF1928F155970098B29F /* Build configuration list for PBXProject "AlgorithmSwift" */ = {
			isa = XCConfigurationList;
			buildConfigurations = (
				A5EFDF2328F155970098B29F /* Debug */,
				A5EFDF2428F155970098B29F /* Release */,
			);
			defaultConfigurationIsVisible = 0;
			defaultConfigurationName = Release;
		};
		A5EFDF2528F155970098B29F /* Build configuration list for PBXNativeTarget "AlgorithmSwift" */ = {
			isa = XCConfigurationList;
			buildConfigurations = (
				A5EFDF2628F155970098B29F /* Debug */,
				A5EFDF2728F155970098B29F /* Release */,
			);
			defaultConfigurationIsVisible = 0;
			defaultConfigurationName = Release;
		};
/* End XCConfigurationList section */
	};
	rootObject = A5EFDF1628F155970098B29F /* Project object */;
}
